
Microsoft Visual Studio Solution File, Format Version 12.00
# Visual Studio Version 16
VisualStudioVersion = 16.0.31410.357
MinimumVisualStudioVersion = 10.0.40219.1
Project("{FAE04EC0-301F-11D3-BF4B-00C04F79EFBC}") = "ExamTest", "ExamTest\ExamTest.csproj", "{1DC202F4-5C69-4646-ABB7-2DFB8B452EB9}"
EndProject
Global
	GlobalSection(SolutionConfigurationPlatforms) = preSolution
		Debug|Any CPU = Debug|Any CPU
		Release|Any CPU = Release|Any CPU
	EndGlobalSection
	GlobalSection(ProjectConfigurationPlatforms) = postSolution
		{1DC202F4-5C69-4646-ABB7-2DFB8B452EB9}.Debug|Any CPU.ActiveCfg = Debug|Any CPU
		{1DC202F4-5C69-4646-ABB7-2DFB8B452EB9}.Debug|Any CPU.Build.0 = Debug|Any CPU
		{1DC202F4-5C69-4646-ABB7-2DFB8B452EB9}.Release|Any CPU.ActiveCfg = Release|Any CPU
		{1DC202F4-5C69-4646-ABB7-2DFB8B452EB9}.Release|Any CPU.Build.0 = Release|Any CPU
	EndGlobalSection
	GlobalSection(SolutionProperties) = preSolution
		HideSolutionNode = FALSE
	EndGlobalSection
	GlobalSection(ExtensibilityGlobals) = postSolution
		SolutionGuid = {901A3279-EBA4-40EE-9361-93E197292E70}
	EndGlobalSection
EndGlobal
