
Microsoft Visual Studio Solution File, Format Version 12.00
# Visual Studio Version 17
VisualStudioVersion = 17.2.32630.192
MinimumVisualStudioVersion = 10.0.40219.1
Project("{FAE04EC0-301F-11D3-BF4B-00C04F79EFBC}") = "BankManagement", "BankManagement\BankManagement.csproj", "{20937A01-9A42-4ED0-A144-57782AACE352}"
EndProject
Global
	GlobalSection(SolutionConfigurationPlatforms) = preSolution
		Debug|Any CPU = Debug|Any CPU
		Release|Any CPU = Release|Any CPU
	EndGlobalSection
	GlobalSection(ProjectConfigurationPlatforms) = postSolution
		{20937A01-9A42-4ED0-A144-57782AACE352}.Debug|Any CPU.ActiveCfg = Debug|Any CPU
		{20937A01-9A42-4ED0-A144-57782AACE352}.Debug|Any CPU.Build.0 = Debug|Any CPU
		{20937A01-9A42-4ED0-A144-57782AACE352}.Release|Any CPU.ActiveCfg = Release|Any CPU
		{20937A01-9A42-4ED0-A144-57782AACE352}.Release|Any CPU.Build.0 = Release|Any CPU
	EndGlobalSection
	GlobalSection(SolutionProperties) = preSolution
		HideSolutionNode = FALSE
	EndGlobalSection
	GlobalSection(ExtensibilityGlobals) = postSolution
		SolutionGuid = {ABFBD6A7-BB87-4A68-A8AF-0BA52BF11093}
	EndGlobalSection
EndGlobal
