
Microsoft Visual Studio Solution File, Format Version 12.00
# Visual Studio Version 17
VisualStudioVersion = 17.3.32825.248
MinimumVisualStudioVersion = 10.0.40219.1
Project("{FAE04EC0-301F-11D3-BF4B-00C04F79EFBC}") = "login", "login\login.csproj", "{EC6F90C7-585A-4ADB-ACE1-1F7F44710352}"
EndProject
Global
	GlobalSection(SolutionConfigurationPlatforms) = preSolution
		Debug|Any CPU = Debug|Any CPU
		Release|Any CPU = Release|Any CPU
	EndGlobalSection
	GlobalSection(ProjectConfigurationPlatforms) = postSolution
		{EC6F90C7-585A-4ADB-ACE1-1F7F44710352}.Debug|Any CPU.ActiveCfg = Debug|Any CPU
		{EC6F90C7-585A-4ADB-ACE1-1F7F44710352}.Debug|Any CPU.Build.0 = Debug|Any CPU
		{EC6F90C7-585A-4ADB-ACE1-1F7F44710352}.Release|Any CPU.ActiveCfg = Release|Any CPU
		{EC6F90C7-585A-4ADB-ACE1-1F7F44710352}.Release|Any CPU.Build.0 = Release|Any CPU
	EndGlobalSection
	GlobalSection(SolutionProperties) = preSolution
		HideSolutionNode = FALSE
	EndGlobalSection
	GlobalSection(ExtensibilityGlobals) = postSolution
		SolutionGuid = {C0FB5FBA-A579-4BE4-A2B6-FC497C678128}
	EndGlobalSection
EndGlobal
