
Microsoft Visual Studio Solution File, Format Version 12.00
# Visual Studio Version 17
VisualStudioVersion = 17.3.32825.248
MinimumVisualStudioVersion = 10.0.40219.1
Project("{FAE04EC0-301F-11D3-BF4B-00C04F79EFBC}") = "fileReadingWriting", "fileReadingWriting\fileReadingWriting.csproj", "{BA718F43-9CCA-44D7-B037-E717877DC9BB}"
EndProject
Global
	GlobalSection(SolutionConfigurationPlatforms) = preSolution
		Debug|Any CPU = Debug|Any CPU
		Release|Any CPU = Release|Any CPU
	EndGlobalSection
	GlobalSection(ProjectConfigurationPlatforms) = postSolution
		{BA718F43-9CCA-44D7-B037-E717877DC9BB}.Debug|Any CPU.ActiveCfg = Debug|Any CPU
		{BA718F43-9CCA-44D7-B037-E717877DC9BB}.Debug|Any CPU.Build.0 = Debug|Any CPU
		{BA718F43-9CCA-44D7-B037-E717877DC9BB}.Release|Any CPU.ActiveCfg = Release|Any CPU
		{BA718F43-9CCA-44D7-B037-E717877DC9BB}.Release|Any CPU.Build.0 = Release|Any CPU
	EndGlobalSection
	GlobalSection(SolutionProperties) = preSolution
		HideSolutionNode = FALSE
	EndGlobalSection
	GlobalSection(ExtensibilityGlobals) = postSolution
		SolutionGuid = {A33CBA76-09B7-4CAF-9177-51B5B86F36B5}
	EndGlobalSection
EndGlobal
